
Microsoft Visual Studio Solution File, Format Version 11.00
# Visual Studio 2010
Project("{FAE04EC0-301F-11D3-BF4B-00C04F79EFBC}") = "Assembly-CSharp", "Assembly-CSharp.csproj", "{aaf9927a-5ad2-d519-afe4-e711577afc96}"
EndProject
Project("{FAE04EC0-301F-11D3-BF4B-00C04F79EFBC}") = "Assembly-CSharp-Editor", "Assembly-CSharp-Editor.csproj", "{e1ed3da0-a259-21b9-a44f-29004017c84d}"
EndProject
Global
	GlobalSection(SolutionConfigurationPlatforms) = preSolution
		Debug|Any CPU = Debug|Any CPU
	EndGlobalSection
	GlobalSection(ProjectConfigurationPlatforms) = postSolution
		{aaf9927a-5ad2-d519-afe4-e711577afc96}.Debug|Any CPU.ActiveCfg = Debug|Any CPU
		{aaf9927a-5ad2-d519-afe4-e711577afc96}.Debug|Any CPU.Build.0 = Debug|Any CPU
		{e1ed3da0-a259-21b9-a44f-29004017c84d}.Debug|Any CPU.ActiveCfg = Debug|Any CPU
		{e1ed3da0-a259-21b9-a44f-29004017c84d}.Debug|Any CPU.Build.0 = Debug|Any CPU
	EndGlobalSection
	GlobalSection(SolutionProperties) = preSolution
		HideSolutionNode = FALSE
	EndGlobalSection
EndGlobal
